
Microsoft Visual Studio Solution File, Format Version 12.00
# Visual Studio Version 17
VisualStudioVersion = 17.1.32319.34
MinimumVisualStudioVersion = 10.0.40219.1
Project("{FAE04EC0-301F-11D3-BF4B-00C04F79EFBC}") = "C Shop 2", "C Shop 2\C Shop 2.csproj", "{A55C3C86-D4D0-4320-9328-6F80F740F124}"
EndProject
Global
	GlobalSection(SolutionConfigurationPlatforms) = preSolution
		Debug|Any CPU = Debug|Any CPU
		Release|Any CPU = Release|Any CPU
	EndGlobalSection
	GlobalSection(ProjectConfigurationPlatforms) = postSolution
		{A55C3C86-D4D0-4320-9328-6F80F740F124}.Debug|Any CPU.ActiveCfg = Debug|Any CPU
		{A55C3C86-D4D0-4320-9328-6F80F740F124}.Debug|Any CPU.Build.0 = Debug|Any CPU
		{A55C3C86-D4D0-4320-9328-6F80F740F124}.Release|Any CPU.ActiveCfg = Release|Any CPU
		{A55C3C86-D4D0-4320-9328-6F80F740F124}.Release|Any CPU.Build.0 = Release|Any CPU
	EndGlobalSection
	GlobalSection(SolutionProperties) = preSolution
		HideSolutionNode = FALSE
	EndGlobalSection
	GlobalSection(ExtensibilityGlobals) = postSolution
		SolutionGuid = {A9F57A5E-D539-45E6-86F3-A57064F763DD}
	EndGlobalSection
EndGlobal
